
Microsoft Visual Studio Solution File, Format Version 12.00
# Visual Studio Version 17
VisualStudioVersion = 17.12.35309.182
MinimumVisualStudioVersion = 10.0.40219.1
Project("{8BC9CEB8-8B4A-11D0-8D11-00A0C91BC942}") = "Day 1", "Day 1\Day 1.vcxproj", "{E01DEAFD-9FA9-470D-9780-AC314940C2D6}"
EndProject
Project("{8BC9CEB8-8B4A-11D0-8D11-00A0C91BC942}") = "Day 2", "Day 2\Day 2.vcxproj", "{D8F1D0AB-3FFA-44F8-8112-E4136E0F2C5E}"
EndProject
Project("{8BC9CEB8-8B4A-11D0-8D11-00A0C91BC942}") = "Day 3", "Day 3\Day 3.vcxproj", "{ED4844CB-AEEB-409E-A0B8-F292855ED146}"
EndProject
Project("{8BC9CEB8-8B4A-11D0-8D11-00A0C91BC942}") = "Day 4", "Day 4\Day 4.vcxproj", "{40B57843-ABFE-4D7C-AA7F-FA20CB6CC1FA}"
EndProject
Project("{8BC9CEB8-8B4A-11D0-8D11-00A0C91BC942}") = "Day 5 (Failed)", "Day 5\Day 5.vcxproj", "{840950E6-7BD3-4E6A-BCAC-92F1783B2569}"
EndProject
Project("{8BC9CEB8-8B4A-11D0-8D11-00A0C91BC942}") = "Test", "Test\Test.vcxproj", "{38D3E2D9-9FAC-4F6A-BD31-A4FECD48D83A}"
EndProject
Project("{8BC9CEB8-8B4A-11D0-8D11-00A0C91BC942}") = "Exam", "Exam\Exam.vcxproj", "{01814B39-7ABC-4080-92DB-A1860AFCEF68}"
EndProject
Project("{8BC9CEB8-8B4A-11D0-8D11-00A0C91BC942}") = "LAB6", "LAB6\LAB6.vcxproj", "{17A55FEF-F1EC-468D-B169-40FB950EC8A3}"
EndProject
Global
	GlobalSection(SolutionConfigurationPlatforms) = preSolution
		Debug|x64 = Debug|x64
		Debug|x86 = Debug|x86
		Release|x64 = Release|x64
		Release|x86 = Release|x86
	EndGlobalSection
	GlobalSection(ProjectConfigurationPlatforms) = postSolution
		{E01DEAFD-9FA9-470D-9780-AC314940C2D6}.Debug|x64.ActiveCfg = Debug|x64
		{E01DEAFD-9FA9-470D-9780-AC314940C2D6}.Debug|x64.Build.0 = Debug|x64
		{E01DEAFD-9FA9-470D-9780-AC314940C2D6}.Debug|x86.ActiveCfg = Debug|Win32
		{E01DEAFD-9FA9-470D-9780-AC314940C2D6}.Debug|x86.Build.0 = Debug|Win32
		{E01DEAFD-9FA9-470D-9780-AC314940C2D6}.Release|x64.ActiveCfg = Release|x64
		{E01DEAFD-9FA9-470D-9780-AC314940C2D6}.Release|x64.Build.0 = Release|x64
		{E01DEAFD-9FA9-470D-9780-AC314940C2D6}.Release|x86.ActiveCfg = Release|Win32
		{E01DEAFD-9FA9-470D-9780-AC314940C2D6}.Release|x86.Build.0 = Release|Win32
		{D8F1D0AB-3FFA-44F8-8112-E4136E0F2C5E}.Debug|x64.ActiveCfg = Debug|x64
		{D8F1D0AB-3FFA-44F8-8112-E4136E0F2C5E}.Debug|x64.Build.0 = Debug|x64
		{D8F1D0AB-3FFA-44F8-8112-E4136E0F2C5E}.Debug|x86.ActiveCfg = Debug|Win32
		{D8F1D0AB-3FFA-44F8-8112-E4136E0F2C5E}.Debug|x86.Build.0 = Debug|Win32
		{D8F1D0AB-3FFA-44F8-8112-E4136E0F2C5E}.Release|x64.ActiveCfg = Release|x64
		{D8F1D0AB-3FFA-44F8-8112-E4136E0F2C5E}.Release|x64.Build.0 = Release|x64
		{D8F1D0AB-3FFA-44F8-8112-E4136E0F2C5E}.Release|x86.ActiveCfg = Release|Win32
		{D8F1D0AB-3FFA-44F8-8112-E4136E0F2C5E}.Release|x86.Build.0 = Release|Win32
		{ED4844CB-AEEB-409E-A0B8-F292855ED146}.Debug|x64.ActiveCfg = Debug|x64
		{ED4844CB-AEEB-409E-A0B8-F292855ED146}.Debug|x64.Build.0 = Debug|x64
		{ED4844CB-AEEB-409E-A0B8-F292855ED146}.Debug|x86.ActiveCfg = Debug|Win32
		{ED4844CB-AEEB-409E-A0B8-F292855ED146}.Debug|x86.Build.0 = Debug|Win32
		{ED4844CB-AEEB-409E-A0B8-F292855ED146}.Release|x64.ActiveCfg = Release|x64
		{ED4844CB-AEEB-409E-A0B8-F292855ED146}.Release|x64.Build.0 = Release|x64
		{ED4844CB-AEEB-409E-A0B8-F292855ED146}.Release|x86.ActiveCfg = Release|Win32
		{ED4844CB-AEEB-409E-A0B8-F292855ED146}.Release|x86.Build.0 = Release|Win32
		{40B57843-ABFE-4D7C-AA7F-FA20CB6CC1FA}.Debug|x64.ActiveCfg = Debug|x64
		{40B57843-ABFE-4D7C-AA7F-FA20CB6CC1FA}.Debug|x64.Build.0 = Debug|x64
		{40B57843-ABFE-4D7C-AA7F-FA20CB6CC1FA}.Debug|x86.ActiveCfg = Debug|Win32
		{40B57843-ABFE-4D7C-AA7F-FA20CB6CC1FA}.Debug|x86.Build.0 = Debug|Win32
		{40B57843-ABFE-4D7C-AA7F-FA20CB6CC1FA}.Release|x64.ActiveCfg = Release|x64
		{40B57843-ABFE-4D7C-AA7F-FA20CB6CC1FA}.Release|x64.Build.0 = Release|x64
		{40B57843-ABFE-4D7C-AA7F-FA20CB6CC1FA}.Release|x86.ActiveCfg = Release|Win32
		{40B57843-ABFE-4D7C-AA7F-FA20CB6CC1FA}.Release|x86.Build.0 = Release|Win32
		{840950E6-7BD3-4E6A-BCAC-92F1783B2569}.Debug|x64.ActiveCfg = Debug|x64
		{840950E6-7BD3-4E6A-BCAC-92F1783B2569}.Debug|x64.Build.0 = Debug|x64
		{840950E6-7BD3-4E6A-BCAC-92F1783B2569}.Debug|x86.ActiveCfg = Debug|Win32
		{840950E6-7BD3-4E6A-BCAC-92F1783B2569}.Debug|x86.Build.0 = Debug|Win32
		{840950E6-7BD3-4E6A-BCAC-92F1783B2569}.Release|x64.ActiveCfg = Release|x64
		{840950E6-7BD3-4E6A-BCAC-92F1783B2569}.Release|x64.Build.0 = Release|x64
		{840950E6-7BD3-4E6A-BCAC-92F1783B2569}.Release|x86.ActiveCfg = Release|Win32
		{840950E6-7BD3-4E6A-BCAC-92F1783B2569}.Release|x86.Build.0 = Release|Win32
		{38D3E2D9-9FAC-4F6A-BD31-A4FECD48D83A}.Debug|x64.ActiveCfg = Debug|x64
		{38D3E2D9-9FAC-4F6A-BD31-A4FECD48D83A}.Debug|x64.Build.0 = Debug|x64
		{38D3E2D9-9FAC-4F6A-BD31-A4FECD48D83A}.Debug|x86.ActiveCfg = Debug|Win32
		{38D3E2D9-9FAC-4F6A-BD31-A4FECD48D83A}.Debug|x86.Build.0 = Debug|Win32
		{38D3E2D9-9FAC-4F6A-BD31-A4FECD48D83A}.Release|x64.ActiveCfg = Release|x64
		{38D3E2D9-9FAC-4F6A-BD31-A4FECD48D83A}.Release|x64.Build.0 = Release|x64
		{38D3E2D9-9FAC-4F6A-BD31-A4FECD48D83A}.Release|x86.ActiveCfg = Release|Win32
		{38D3E2D9-9FAC-4F6A-BD31-A4FECD48D83A}.Release|x86.Build.0 = Release|Win32
		{01814B39-7ABC-4080-92DB-A1860AFCEF68}.Debug|x64.ActiveCfg = Debug|x64
		{01814B39-7ABC-4080-92DB-A1860AFCEF68}.Debug|x64.Build.0 = Debug|x64
		{01814B39-7ABC-4080-92DB-A1860AFCEF68}.Debug|x86.ActiveCfg = Debug|Win32
		{01814B39-7ABC-4080-92DB-A1860AFCEF68}.Debug|x86.Build.0 = Debug|Win32
		{01814B39-7ABC-4080-92DB-A1860AFCEF68}.Release|x64.ActiveCfg = Release|x64
		{01814B39-7ABC-4080-92DB-A1860AFCEF68}.Release|x64.Build.0 = Release|x64
		{01814B39-7ABC-4080-92DB-A1860AFCEF68}.Release|x86.ActiveCfg = Release|Win32
		{01814B39-7ABC-4080-92DB-A1860AFCEF68}.Release|x86.Build.0 = Release|Win32
		{17A55FEF-F1EC-468D-B169-40FB950EC8A3}.Debug|x64.ActiveCfg = Debug|x64
		{17A55FEF-F1EC-468D-B169-40FB950EC8A3}.Debug|x64.Build.0 = Debug|x64
		{17A55FEF-F1EC-468D-B169-40FB950EC8A3}.Debug|x86.ActiveCfg = Debug|Win32
		{17A55FEF-F1EC-468D-B169-40FB950EC8A3}.Debug|x86.Build.0 = Debug|Win32
		{17A55FEF-F1EC-468D-B169-40FB950EC8A3}.Release|x64.ActiveCfg = Release|x64
		{17A55FEF-F1EC-468D-B169-40FB950EC8A3}.Release|x64.Build.0 = Release|x64
		{17A55FEF-F1EC-468D-B169-40FB950EC8A3}.Release|x86.ActiveCfg = Release|Win32
		{17A55FEF-F1EC-468D-B169-40FB950EC8A3}.Release|x86.Build.0 = Release|Win32
	EndGlobalSection
	GlobalSection(SolutionProperties) = preSolution
		HideSolutionNode = FALSE
	EndGlobalSection
	GlobalSection(ExtensibilityGlobals) = postSolution
		SolutionGuid = {2396BEC6-25AE-4A4C-B103-AAB32E85A5F0}
	EndGlobalSection
EndGlobal
